
Microsoft Visual Studio Solution File, Format Version 12.00
# Visual Studio 15
VisualStudioVersion = 15.0.28307.757
MinimumVisualStudioVersion = 10.0.40219.1
Project("{9A19103F-16F7-4668-BE54-9A1E7A4F7556}") = "EStore", "EStore\EStore.csproj", "{0CA33C41-ACE0-4D3F-884F-CE467EFDF39F}"
EndProject
Project("{FAE04EC0-301F-11D3-BF4B-00C04F79EFBC}") = "EstoreTests", "EstoreTests\EstoreTests.csproj", "{9FF63BF8-9213-494C-AD28-18A920CCD2DF}"
EndProject
Global
	GlobalSection(SolutionConfigurationPlatforms) = preSolution
		Debug|Any CPU = Debug|Any CPU
		Release|Any CPU = Release|Any CPU
	EndGlobalSection
	GlobalSection(ProjectConfigurationPlatforms) = postSolution
		{0CA33C41-ACE0-4D3F-884F-CE467EFDF39F}.Debug|Any CPU.ActiveCfg = Debug|Any CPU
		{0CA33C41-ACE0-4D3F-884F-CE467EFDF39F}.Debug|Any CPU.Build.0 = Debug|Any CPU
		{0CA33C41-ACE0-4D3F-884F-CE467EFDF39F}.Release|Any CPU.ActiveCfg = Release|Any CPU
		{0CA33C41-ACE0-4D3F-884F-CE467EFDF39F}.Release|Any CPU.Build.0 = Release|Any CPU
		{9FF63BF8-9213-494C-AD28-18A920CCD2DF}.Debug|Any CPU.ActiveCfg = Debug|Any CPU
		{9FF63BF8-9213-494C-AD28-18A920CCD2DF}.Debug|Any CPU.Build.0 = Debug|Any CPU
		{9FF63BF8-9213-494C-AD28-18A920CCD2DF}.Release|Any CPU.ActiveCfg = Release|Any CPU
		{9FF63BF8-9213-494C-AD28-18A920CCD2DF}.Release|Any CPU.Build.0 = Release|Any CPU
	EndGlobalSection
	GlobalSection(SolutionProperties) = preSolution
		HideSolutionNode = FALSE
	EndGlobalSection
	GlobalSection(ExtensibilityGlobals) = postSolution
		SolutionGuid = {C8415A02-4F0D-4BF3-8451-809345936357}
	EndGlobalSection
EndGlobal
